{
  "version": 4,
  "terraform_version": "0.13.5",
  "serial": 33,
  "lineage": "8e71b674-2473-6c9e-760d-48418451f446",
  "outputs": {},
  "resources": [
    {
      "mode": "data",
      "type": "archive_file",
      "name": "lambda_zip",
      "provider": "provider[\"registry.terraform.io/hashicorp/archive\"]",
      "instances": [
        {
          "schema_version": 0,
          "attributes": {
            "excludes": null,
            "id": "a85904e90fe673431587f1cf275ecf418eb539bd",
            "output_base64sha256": "oKj6wtlkP0h/wwktsMjRtB8NpoedyO4XS/ex9a8vneE=",
            "output_md5": "6c1970d1b23390f60b9faa6493fc388e",
            "output_path": "covid-new-cases.zip",
            "output_sha": "a85904e90fe673431587f1cf275ecf418eb539bd",
            "output_size": 2444416,
            "source": [],
            "source_content": null,
            "source_content_filename": null,
            "source_dir": "../application/lambdas",
            "source_file": null,
            "type": "zip"
          }
        }
      ]
    },
    {
      "mode": "managed",
      "type": "aws_cloudwatch_event_rule",
      "name": "every_five_minutes",
      "provider": "provider[\"registry.terraform.io/hashicorp/aws\"]",
      "instances": [
        {
          "schema_version": 0,
          "attributes": {
            "arn": "arn:aws:events:eu-west-2:964522114059:rule/covid-scheduler",
            "description": " Covid scheduler",
            "event_bus_name": "default",
            "event_pattern": null,
            "id": "covid-scheduler",
            "is_enabled": true,
            "name": "covid-scheduler",
            "name_prefix": "",
            "role_arn": "",
            "schedule_expression": "rate(5 minutes)",
            "tags": {}
          },
          "private": "bnVsbA=="
        }
      ]
    },
    {
      "mode": "managed",
      "type": "aws_cloudwatch_event_target",
      "name": "check_covid_cases_every_five_minute",
      "provider": "provider[\"registry.terraform.io/hashicorp/aws\"]",
      "instances": [
        {
          "schema_version": 1,
          "attributes": {
            "arn": "arn:aws:lambda:eu-west-2:964522114059:function:covid-cases",
            "batch_target": [],
            "ecs_target": [],
            "event_bus_name": "default",
            "id": "covid-scheduler-covid-cases",
            "input": "",
            "input_path": "",
            "input_transformer": [],
            "kinesis_target": [],
            "role_arn": "",
            "rule": "covid-scheduler",
            "run_command_targets": [],
            "sqs_target": [],
            "target_id": "covid-cases"
          },
          "private": "eyJzY2hlbWFfdmVyc2lvbiI6IjEifQ==",
          "dependencies": [
            "aws_cloudwatch_event_rule.every_five_minutes",
            "aws_lambda_function.covid-cases"
          ]
        }
      ]
    },
    {
      "mode": "managed",
      "type": "aws_cloudwatch_log_group",
      "name": "covid-cases",
      "provider": "provider[\"registry.terraform.io/hashicorp/aws\"]",
      "instances": [
        {
          "schema_version": 0,
          "attributes": {
            "arn": "arn:aws:logs:eu-west-2:964522114059:log-group:/aws/lambda/covid-cases",
            "id": "/aws/lambda/covid-cases",
            "kms_key_id": "",
            "name": "/aws/lambda/covid-cases",
            "name_prefix": null,
            "retention_in_days": 90,
            "tags": {}
          },
          "private": "bnVsbA=="
        }
      ]
    },
    {
      "mode": "managed",
      "type": "aws_iam_role",
      "name": "lambda_exec",
      "provider": "provider[\"registry.terraform.io/hashicorp/aws\"]",
      "instances": [
        {
          "schema_version": 0,
          "attributes": {
            "arn": "arn:aws:iam::964522114059:role/serverless-covid-lambda",
            "assume_role_policy": "{\"Version\":\"2012-10-17\",\"Statement\":[{\"Sid\":\"\",\"Effect\":\"Allow\",\"Principal\":{\"Service\":\"lambda.amazonaws.com\"},\"Action\":\"sts:AssumeRole\"}]}",
            "create_date": "2021-02-05T08:34:47Z",
            "description": "",
            "force_detach_policies": false,
            "id": "serverless-covid-lambda",
            "max_session_duration": 3600,
            "name": "serverless-covid-lambda",
            "name_prefix": null,
            "path": "/",
            "permissions_boundary": null,
            "tags": {},
            "unique_id": "AROA6BEP7PQFYG4ING7YG"
          },
          "private": "bnVsbA=="
        }
      ]
    },
    {
      "mode": "managed",
      "type": "aws_lambda_function",
      "name": "covid-cases",
      "provider": "provider[\"registry.terraform.io/hashicorp/aws\"]",
      "instances": [
        {
          "schema_version": 0,
          "attributes": {
            "arn": "arn:aws:lambda:eu-west-2:964522114059:function:covid-cases",
            "code_signing_config_arn": "",
            "dead_letter_config": [],
            "description": "",
            "environment": [
              {
                "variables": {
                  "COVID_CASES_API": "https://api.coronavirus.data.gov.uk/v1/data?filters=areaType=nation;areaName=england\u0026structure={%22date%22:%22date%22,%22newCases%22:%22newCasesByPublishDate%22}"
                }
              }
            ],
            "file_system_config": [],
            "filename": "covid-new-cases.zip",
            "function_name": "covid-cases",
            "handler": "handler.handle",
            "id": "covid-cases",
            "image_config": [],
            "image_uri": "",
            "invoke_arn": "arn:aws:apigateway:eu-west-2:lambda:path/2015-03-31/functions/arn:aws:lambda:eu-west-2:964522114059:function:covid-cases/invocations",
            "kms_key_arn": "",
            "last_modified": "2021-02-05T18:24:44.999+0000",
            "layers": [],
            "memory_size": 128,
            "package_type": "Zip",
            "publish": false,
            "qualified_arn": "arn:aws:lambda:eu-west-2:964522114059:function:covid-cases:$LATEST",
            "reserved_concurrent_executions": -1,
            "role": "arn:aws:iam::964522114059:role/serverless-covid-lambda",
            "runtime": "python3.8",
            "s3_bucket": null,
            "s3_key": null,
            "s3_object_version": null,
            "signing_job_arn": "",
            "signing_profile_version_arn": "",
            "source_code_hash": "oKj6wtlkP0h/wwktsMjRtB8NpoedyO4XS/ex9a8vneE=",
            "source_code_size": 2444416,
            "tags": {},
            "timeout": 3,
            "timeouts": null,
            "tracing_config": [
              {
                "mode": "PassThrough"
              }
            ],
            "version": "$LATEST",
            "vpc_config": []
          },
          "private": "eyJlMmJmYjczMC1lY2FhLTExZTYtOGY4OC0zNDM2M2JjN2M0YzAiOnsiY3JlYXRlIjo2MDAwMDAwMDAwMDB9fQ==",
          "dependencies": [
            "aws_iam_role.lambda_exec",
            "data.archive_file.lambda_zip"
          ]
        }
      ]
    },
    {
      "mode": "managed",
      "type": "aws_lambda_permission",
      "name": "allow_cloudwatch_to_call_check_foo",
      "provider": "provider[\"registry.terraform.io/hashicorp/aws\"]",
      "instances": [
        {
          "schema_version": 0,
          "attributes": {
            "action": "lambda:InvokeFunction",
            "event_source_token": null,
            "function_name": "covid-cases",
            "id": "AllowExecutionFromCloudWatch",
            "principal": "events.amazonaws.com",
            "qualifier": "",
            "source_account": null,
            "source_arn": "arn:aws:events:eu-west-2:964522114059:rule/covid-scheduler",
            "statement_id": "AllowExecutionFromCloudWatch",
            "statement_id_prefix": null
          },
          "private": "bnVsbA==",
          "dependencies": [
            "aws_cloudwatch_event_rule.every_five_minutes",
            "aws_lambda_function.covid-cases"
          ]
        }
      ]
    },
    {
      "mode": "managed",
      "type": "aws_lambda_permission",
      "name": "allow_log_groups_to_log",
      "provider": "provider[\"registry.terraform.io/hashicorp/aws\"]",
      "instances": [
        {
          "schema_version": 0,
          "attributes": {
            "action": "lambda:InvokeFunction",
            "event_source_token": null,
            "function_name": "covid-cases",
            "id": "AllowToWriteLogs",
            "principal": "logs.amazonaws.com",
            "qualifier": "",
            "source_account": null,
            "source_arn": "arn:aws:logs:eu-west-2:964522114059:log-group:/aws/lambda/covid-cases",
            "statement_id": "AllowToWriteLogs",
            "statement_id_prefix": null
          },
          "private": "bnVsbA==",
          "dependencies": [
            "aws_cloudwatch_log_group.covid-cases",
            "aws_lambda_function.covid-cases"
          ]
        }
      ]
    }
  ]
}
